
Microsoft Visual Studio Solution File, Format Version 12.00
# Visual Studio Version 16
VisualStudioVersion = 16.0.30413.136
MinimumVisualStudioVersion = 10.0.40219.1
Project("{FAE04EC0-301F-11D3-BF4B-00C04F79EFBC}") = "Wol.Localization", "src\Wol.Localization.csproj", "{D7962C88-9DD4-4043-B34E-517D2520D76C}"
EndProject
Project("{FAE04EC0-301F-11D3-BF4B-00C04F79EFBC}") = "StrandedDeep.Localization", "StrandedDeep.Localization\StrandedDeep.Localization.csproj", "{6721903B-2A66-4326-953F-B334113FB216}"
EndProject
Project("{FAE04EC0-301F-11D3-BF4B-00C04F79EFBC}") = "BlindWaterMark", "BlindWaterMark\BlindWaterMark.csproj", "{6DEC401F-07F0-423B-B849-14D9E1163CC7}"
EndProject
Global
	GlobalSection(SolutionConfigurationPlatforms) = preSolution
		Debug|Any CPU = Debug|Any CPU
		Release|Any CPU = Release|Any CPU
	EndGlobalSection
	GlobalSection(ProjectConfigurationPlatforms) = postSolution
		{D7962C88-9DD4-4043-B34E-517D2520D76C}.Debug|Any CPU.ActiveCfg = Debug|Any CPU
		{D7962C88-9DD4-4043-B34E-517D2520D76C}.Debug|Any CPU.Build.0 = Debug|Any CPU
		{D7962C88-9DD4-4043-B34E-517D2520D76C}.Release|Any CPU.ActiveCfg = Release|Any CPU
		{D7962C88-9DD4-4043-B34E-517D2520D76C}.Release|Any CPU.Build.0 = Release|Any CPU
		{6721903B-2A66-4326-953F-B334113FB216}.Debug|Any CPU.ActiveCfg = Debug|Any CPU
		{6721903B-2A66-4326-953F-B334113FB216}.Debug|Any CPU.Build.0 = Debug|Any CPU
		{6721903B-2A66-4326-953F-B334113FB216}.Release|Any CPU.ActiveCfg = Release|Any CPU
		{6721903B-2A66-4326-953F-B334113FB216}.Release|Any CPU.Build.0 = Release|Any CPU
		{6DEC401F-07F0-423B-B849-14D9E1163CC7}.Debug|Any CPU.ActiveCfg = Debug|Any CPU
		{6DEC401F-07F0-423B-B849-14D9E1163CC7}.Debug|Any CPU.Build.0 = Debug|Any CPU
		{6DEC401F-07F0-423B-B849-14D9E1163CC7}.Release|Any CPU.ActiveCfg = Release|Any CPU
		{6DEC401F-07F0-423B-B849-14D9E1163CC7}.Release|Any CPU.Build.0 = Release|Any CPU
	EndGlobalSection
	GlobalSection(SolutionProperties) = preSolution
		HideSolutionNode = FALSE
	EndGlobalSection
	GlobalSection(ExtensibilityGlobals) = postSolution
		SolutionGuid = {B4BE1B82-0E7E-43D8-96F3-79642D5F12BB}
	EndGlobalSection
EndGlobal
